
Microsoft Visual Studio Solution File, Format Version 12.00
# Visual Studio Version 17
VisualStudioVersion = 17.10.35004.147
MinimumVisualStudioVersion = 10.0.40219.1
Project("{FAE04EC0-301F-11D3-BF4B-00C04F79EFBC}") = "Golovin.Nikita", "Golovin.Nikita\Golovin.Nikita.csproj", "{C2E41BEF-A9D6-4C2B-98C4-3369B78C582A}"
EndProject
Global
	GlobalSection(SolutionConfigurationPlatforms) = preSolution
		Debug|Any CPU = Debug|Any CPU
		Release|Any CPU = Release|Any CPU
	EndGlobalSection
	GlobalSection(ProjectConfigurationPlatforms) = postSolution
		{C2E41BEF-A9D6-4C2B-98C4-3369B78C582A}.Debug|Any CPU.ActiveCfg = Debug|Any CPU
		{C2E41BEF-A9D6-4C2B-98C4-3369B78C582A}.Debug|Any CPU.Build.0 = Debug|Any CPU
		{C2E41BEF-A9D6-4C2B-98C4-3369B78C582A}.Release|Any CPU.ActiveCfg = Release|Any CPU
		{C2E41BEF-A9D6-4C2B-98C4-3369B78C582A}.Release|Any CPU.Build.0 = Release|Any CPU
	EndGlobalSection
	GlobalSection(SolutionProperties) = preSolution
		HideSolutionNode = FALSE
	EndGlobalSection
	GlobalSection(ExtensibilityGlobals) = postSolution
		SolutionGuid = {5BF6FFA9-E0C2-4344-B48E-0D05A4EFA8EB}
	EndGlobalSection
EndGlobal
